// !$*UTF8*$!
{
	archiveVersion = 1;
	classes = {
	};
	objectVersion = 56;
	objects = {

/* Begin PBXBuildFile section */
		38B91FDA2C71A735002B898E /* Snacks_AppApp.swift in Sources */ = {isa = PBXBuildFile; fileRef = 38B91FD92C71A735002B898E /* Snacks_AppApp.swift */; };
		38B91FDC2C71A735002B898E /* ContentView.swift in Sources */ = {isa = PBXBuildFile; fileRef = 38B91FDB2C71A735002B898E /* ContentView.swift */; };
		38B91FDE2C71A737002B898E /* Assets.xcassets in Resources */ = {isa = PBXBuildFile; fileRef = 38B91FDD2C71A737002B898E /* Assets.xcassets */; };
		38B91FE12C71A737002B898E /* Preview Assets.xcassets in Resources */ = {isa = PBXBuildFile; fileRef = 38B91FE02C71A737002B898E /* Preview Assets.xcassets */; };
		38B91FEB2C71A7E8002B898E /* Home.swift in Sources */ = {isa = PBXBuildFile; fileRef = 38B91FEA2C71A7E8002B898E /* Home.swift */; };
		38B91FEE2C724491002B898E /*  Category.swift in Sources */ = {isa = PBXBuildFile; fileRef = 38B91FED2C724491002B898E /*  Category.swift */; };
		38B91FF02C7271B5002B898E /* ProductModel.swift in Sources */ = {isa = PBXBuildFile; fileRef = 38B91FEF2C7271B5002B898E /* ProductModel.swift */; };
		38B91FF22C743F1A002B898E /* CollectionView.swift in Sources */ = {isa = PBXBuildFile; fileRef = 38B91FF12C743F1A002B898E /* CollectionView.swift */; };
		38B91FF42C74431A002B898E /* CartView.swift in Sources */ = {isa = PBXBuildFile; fileRef = 38B91FF32C74431A002B898E /* CartView.swift */; };
		38B91FF92C7645FA002B898E /* CartManager.swift in Sources */ = {isa = PBXBuildFile; fileRef = 38B91FF82C7645FA002B898E /* CartManager.swift */; };
/* End PBXBuildFile section */

/* Begin PBXFileReference section */
		38B91FD62C71A735002B898E /* Snacks App.app */ = {isa = PBXFileReference; explicitFileType = wrapper.application; includeInIndex = 0; path = "Snacks App.app"; sourceTree = BUILT_PRODUCTS_DIR; };
		38B91FD92C71A735002B898E /* Snacks_AppApp.swift */ = {isa = PBXFileReference; lastKnownFileType = sourcecode.swift; path = Snacks_AppApp.swift; sourceTree = "<group>"; };
		38B91FDB2C71A735002B898E /* ContentView.swift */ = {isa = PBXFileReference; lastKnownFileType = sourcecode.swift; path = ContentView.swift; sourceTree = "<group>"; };
		38B91FDD2C71A737002B898E /* Assets.xcassets */ = {isa = PBXFileReference; lastKnownFileType = folder.assetcatalog; path = Assets.xcassets; sourceTree = "<group>"; };
		38B91FE02C71A737002B898E /* Preview Assets.xcassets */ = {isa = PBXFileReference; lastKnownFileType = folder.assetcatalog; path = "Preview Assets.xcassets"; sourceTree = "<group>"; };
		38B91FEA2C71A7E8002B898E /* Home.swift */ = {isa = PBXFileReference; lastKnownFileType = sourcecode.swift; path = Home.swift; sourceTree = "<group>"; };
		38B91FED2C724491002B898E /*  Category.swift */ = {isa = PBXFileReference; lastKnownFileType = sourcecode.swift; path = " Category.swift"; sourceTree = "<group>"; };
		38B91FEF2C7271B5002B898E /* ProductModel.swift */ = {isa = PBXFileReference; lastKnownFileType = sourcecode.swift; path = ProductModel.swift; sourceTree = "<group>"; };
		38B91FF12C743F1A002B898E /* CollectionView.swift */ = {isa = PBXFileReference; lastKnownFileType = sourcecode.swift; path = CollectionView.swift; sourceTree = "<group>"; };
		38B91FF32C74431A002B898E /* CartView.swift */ = {isa = PBXFileReference; lastKnownFileType = sourcecode.swift; path = CartView.swift; sourceTree = "<group>"; };
		38B91FF82C7645FA002B898E /* CartManager.swift */ = {isa = PBXFileReference; lastKnownFileType = sourcecode.swift; path = CartManager.swift; sourceTree = "<group>"; };
/* End PBXFileReference section */

/* Begin PBXFrameworksBuildPhase section */
		38B91FD32C71A735002B898E /* Frameworks */ = {
			isa = PBXFrameworksBuildPhase;
			buildActionMask = 2147483647;
			files = (
			);
			runOnlyForDeploymentPostprocessing = 0;
		};
/* End PBXFrameworksBuildPhase section */

/* Begin PBXGroup section */
		38B91FCD2C71A735002B898E = {
			isa = PBXGroup;
			children = (
				38B91FD82C71A735002B898E /* Snacks App */,
				38B91FD72C71A735002B898E /* Products */,
			);
			sourceTree = "<group>";
		};
		38B91FD72C71A735002B898E /* Products */ = {
			isa = PBXGroup;
			children = (
				38B91FD62C71A735002B898E /* Snacks App.app */,
			);
			name = Products;
			sourceTree = "<group>";
		};
		38B91FD82C71A735002B898E /* Snacks App */ = {
			isa = PBXGroup;
			children = (
				38B91FD92C71A735002B898E /* Snacks_AppApp.swift */,
				38B91FDB2C71A735002B898E /* ContentView.swift */,
				38B91FF52C744390002B898E /* View */,
				38B91FEC2C724481002B898E /* Model */,
				38B91FE72C71A7C2002B898E /* Home */,
				38B91FDD2C71A737002B898E /* Assets.xcassets */,
				38B91FDF2C71A737002B898E /* Preview Content */,
			);
			path = "Snacks App";
			sourceTree = "<group>";
		};
		38B91FDF2C71A737002B898E /* Preview Content */ = {
			isa = PBXGroup;
			children = (
				38B91FE02C71A737002B898E /* Preview Assets.xcassets */,
			);
			path = "Preview Content";
			sourceTree = "<group>";
		};
		38B91FE72C71A7C2002B898E /* Home */ = {
			isa = PBXGroup;
			children = (
				38B91FEA2C71A7E8002B898E /* Home.swift */,
				38B91FF12C743F1A002B898E /* CollectionView.swift */,
				38B91FF32C74431A002B898E /* CartView.swift */,
			);
			path = Home;
			sourceTree = "<group>";
		};
		38B91FEC2C724481002B898E /* Model */ = {
			isa = PBXGroup;
			children = (
				38B91FED2C724491002B898E /*  Category.swift */,
				38B91FEF2C7271B5002B898E /* ProductModel.swift */,
				38B91FF82C7645FA002B898E /* CartManager.swift */,
			);
			path = Model;
			sourceTree = "<group>";
		};
		38B91FF52C744390002B898E /* View */ = {
			isa = PBXGroup;
			children = (
			);
			path = View;
			sourceTree = "<group>";
		};
/* End PBXGroup section */

/* Begin PBXNativeTarget section */
		38B91FD52C71A735002B898E /* Snacks App */ = {
			isa = PBXNativeTarget;
			buildConfigurationList = 38B91FE42C71A737002B898E /* Build configuration list for PBXNativeTarget "Snacks App" */;
			buildPhases = (
				38B91FD22C71A735002B898E /* Sources */,
				38B91FD32C71A735002B898E /* Frameworks */,
				38B91FD42C71A735002B898E /* Resources */,
			);
			buildRules = (
			);
			dependencies = (
			);
			name = "Snacks App";
			productName = "Snacks App";
			productReference = 38B91FD62C71A735002B898E /* Snacks App.app */;
			productType = "com.apple.product-type.application";
		};
/* End PBXNativeTarget section */

/* Begin PBXProject section */
		38B91FCE2C71A735002B898E /* Project object */ = {
			isa = PBXProject;
			attributes = {
				BuildIndependentTargetsInParallel = 1;
				LastSwiftUpdateCheck = 1500;
				LastUpgradeCheck = 1500;
				TargetAttributes = {
					38B91FD52C71A735002B898E = {
						CreatedOnToolsVersion = 15.0;
					};
				};
			};
			buildConfigurationList = 38B91FD12C71A735002B898E /* Build configuration list for PBXProject "Snacks App" */;
			compatibilityVersion = "Xcode 14.0";
			developmentRegion = en;
			hasScannedForEncodings = 0;
			knownRegions = (
				en,
				Base,
			);
			mainGroup = 38B91FCD2C71A735002B898E;
			productRefGroup = 38B91FD72C71A735002B898E /* Products */;
			projectDirPath = "";
			projectRoot = "";
			targets = (
				38B91FD52C71A735002B898E /* Snacks App */,
			);
		};
/* End PBXProject section */

/* Begin PBXResourcesBuildPhase section */
		38B91FD42C71A735002B898E /* Resources */ = {
			isa = PBXResourcesBuildPhase;
			buildActionMask = 2147483647;
			files = (
				38B91FE12C71A737002B898E /* Preview Assets.xcassets in Resources */,
				38B91FDE2C71A737002B898E /* Assets.xcassets in Resources */,
			);
			runOnlyForDeploymentPostprocessing = 0;
		};
/* End PBXResourcesBuildPhase section */

/* Begin PBXSourcesBuildPhase section */
		38B91FD22C71A735002B898E /* Sources */ = {
			isa = PBXSourcesBuildPhase;
			buildActionMask = 2147483647;
			files = (
				38B91FF22C743F1A002B898E /* CollectionView.swift in Sources */,
				38B91FF92C7645FA002B898E /* CartManager.swift in Sources */,
				38B91FF42C74431A002B898E /* CartView.swift in Sources */,
				38B91FEE2C724491002B898E /*  Category.swift in Sources */,
				38B91FDC2C71A735002B898E /* ContentView.swift in Sources */,
				38B91FEB2C71A7E8002B898E /* Home.swift in Sources */,
				38B91FDA2C71A735002B898E /* Snacks_AppApp.swift in Sources */,
				38B91FF02C7271B5002B898E /* ProductModel.swift in Sources */,
			);
			runOnlyForDeploymentPostprocessing = 0;
		};
/* End PBXSourcesBuildPhase section */

/* Begin XCBuildConfiguration section */
		38B91FE22C71A737002B898E /* Debug */ = {
			isa = XCBuildConfiguration;
			buildSettings = {
				ALWAYS_SEARCH_USER_PATHS = NO;
				ASSETCATALOG_COMPILER_GENERATE_SWIFT_ASSET_SYMBOL_EXTENSIONS = YES;
				CLANG_ANALYZER_NONNULL = YES;
				CLANG_ANALYZER_NUMBER_OBJECT_CONVERSION = YES_AGGRESSIVE;
				CLANG_CXX_LANGUAGE_STANDARD = "gnu++20";
				CLANG_ENABLE_MODULES = YES;
				CLANG_ENABLE_OBJC_ARC = YES;
				CLANG_ENABLE_OBJC_WEAK = YES;
				CLANG_WARN_BLOCK_CAPTURE_AUTORELEASING = YES;
				CLANG_WARN_BOOL_CONVERSION = YES;
				CLANG_WARN_COMMA = YES;
				CLANG_WARN_CONSTANT_CONVERSION = YES;
				CLANG_WARN_DEPRECATED_OBJC_IMPLEMENTATIONS = YES;
				CLANG_WARN_DIRECT_OBJC_ISA_USAGE = YES_ERROR;
				CLANG_WARN_DOCUMENTATION_COMMENTS = YES;
				CLANG_WARN_EMPTY_BODY = YES;
				CLANG_WARN_ENUM_CONVERSION = YES;
				CLANG_WARN_INFINITE_RECURSION = YES;
				CLANG_WARN_INT_CONVERSION = YES;
				CLANG_WARN_NON_LITERAL_NULL_CONVERSION = YES;
				CLANG_WARN_OBJC_IMPLICIT_RETAIN_SELF = YES;
				CLANG_WARN_OBJC_LITERAL_CONVERSION = YES;
				CLANG_WARN_OBJC_ROOT_CLASS = YES_ERROR;
				CLANG_WARN_QUOTED_INCLUDE_IN_FRAMEWORK_HEADER = YES;
				CLANG_WARN_RANGE_LOOP_ANALYSIS = YES;
				CLANG_WARN_STRICT_PROTOTYPES = YES;
				CLANG_WARN_SUSPICIOUS_MOVE = YES;
				CLANG_WARN_UNGUARDED_AVAILABILITY = YES_AGGRESSIVE;
				CLANG_WARN_UNREACHABLE_CODE = YES;
				CLANG_WARN__DUPLICATE_METHOD_MATCH = YES;
				COPY_PHASE_STRIP = NO;
				DEBUG_INFORMATION_FORMAT = dwarf;
				ENABLE_STRICT_OBJC_MSGSEND = YES;
				ENABLE_TESTABILITY = YES;
				ENABLE_USER_SCRIPT_SANDBOXING = YES;
				GCC_C_LANGUAGE_STANDARD = gnu17;
				GCC_DYNAMIC_NO_PIC = NO;
				GCC_NO_COMMON_BLOCKS = YES;
				GCC_OPTIMIZATION_LEVEL = 0;
				GCC_PREPROCESSOR_DEFINITIONS = (
					"DEBUG=1",
					"$(inherited)",
				);
				GCC_WARN_64_TO_32_BIT_CONVERSION = YES;
				GCC_WARN_ABOUT_RETURN_TYPE = YES_ERROR;
				GCC_WARN_UNDECLARED_SELECTOR = YES;
				GCC_WARN_UNINITIALIZED_AUTOS = YES_AGGRESSIVE;
				GCC_WARN_UNUSED_FUNCTION = YES;
				GCC_WARN_UNUSED_VARIABLE = YES;
				IPHONEOS_DEPLOYMENT_TARGET = 17.0;
				LOCALIZATION_PREFERS_STRING_CATALOGS = YES;
				MTL_ENABLE_DEBUG_INFO = INCLUDE_SOURCE;
				MTL_FAST_MATH = YES;
				ONLY_ACTIVE_ARCH = YES;
				SDKROOT = iphoneos;
				SWIFT_ACTIVE_COMPILATION_CONDITIONS = "DEBUG $(inherited)";
				SWIFT_OPTIMIZATION_LEVEL = "-Onone";
			};
			name = Debug;
		};
		38B91FE32C71A737002B898E /* Release */ = {
			isa = XCBuildConfiguration;
			buildSettings = {
				ALWAYS_SEARCH_USER_PATHS = NO;
				ASSETCATALOG_COMPILER_GENERATE_SWIFT_ASSET_SYMBOL_EXTENSIONS = YES;
				CLANG_ANALYZER_NONNULL = YES;
				CLANG_ANALYZER_NUMBER_OBJECT_CONVERSION = YES_AGGRESSIVE;
				CLANG_CXX_LANGUAGE_STANDARD = "gnu++20";
				CLANG_ENABLE_MODULES = YES;
				CLANG_ENABLE_OBJC_ARC = YES;
				CLANG_ENABLE_OBJC_WEAK = YES;
				CLANG_WARN_BLOCK_CAPTURE_AUTORELEASING = YES;
				CLANG_WARN_BOOL_CONVERSION = YES;
				CLANG_WARN_COMMA = YES;
				CLANG_WARN_CONSTANT_CONVERSION = YES;
				CLANG_WARN_DEPRECATED_OBJC_IMPLEMENTATIONS = YES;
				CLANG_WARN_DIRECT_OBJC_ISA_USAGE = YES_ERROR;
				CLANG_WARN_DOCUMENTATION_COMMENTS = YES;
				CLANG_WARN_EMPTY_BODY = YES;
				CLANG_WARN_ENUM_CONVERSION = YES;
				CLANG_WARN_INFINITE_RECURSION = YES;
				CLANG_WARN_INT_CONVERSION = YES;
				CLANG_WARN_NON_LITERAL_NULL_CONVERSION = YES;
				CLANG_WARN_OBJC_IMPLICIT_RETAIN_SELF = YES;
				CLANG_WARN_OBJC_LITERAL_CONVERSION = YES;
				CLANG_WARN_OBJC_ROOT_CLASS = YES_ERROR;
				CLANG_WARN_QUOTED_INCLUDE_IN_FRAMEWORK_HEADER = YES;
				CLANG_WARN_RANGE_LOOP_ANALYSIS = YES;
				CLANG_WARN_STRICT_PROTOTYPES = YES;
				CLANG_WARN_SUSPICIOUS_MOVE = YES;
				CLANG_WARN_UNGUARDED_AVAILABILITY = YES_AGGRESSIVE;
				CLANG_WARN_UNREACHABLE_CODE = YES;
				CLANG_WARN__DUPLICATE_METHOD_MATCH = YES;
				COPY_PHASE_STRIP = NO;
				DEBUG_INFORMATION_FORMAT = "dwarf-with-dsym";
				ENABLE_NS_ASSERTIONS = NO;
				ENABLE_STRICT_OBJC_MSGSEND = YES;
				ENABLE_USER_SCRIPT_SANDBOXING = YES;
				GCC_C_LANGUAGE_STANDARD = gnu17;
				GCC_NO_COMMON_BLOCKS = YES;
				GCC_WARN_64_TO_32_BIT_CONVERSION = YES;
				GCC_WARN_ABOUT_RETURN_TYPE = YES_ERROR;
				GCC_WARN_UNDECLARED_SELECTOR = YES;
				GCC_WARN_UNINITIALIZED_AUTOS = YES_AGGRESSIVE;
				GCC_WARN_UNUSED_FUNCTION = YES;
				GCC_WARN_UNUSED_VARIABLE = YES;
				IPHONEOS_DEPLOYMENT_TARGET = 17.0;
				LOCALIZATION_PREFERS_STRING_CATALOGS = YES;
				MTL_ENABLE_DEBUG_INFO = NO;
				MTL_FAST_MATH = YES;
				SDKROOT = iphoneos;
				SWIFT_COMPILATION_MODE = wholemodule;
				VALIDATE_PRODUCT = YES;
			};
			name = Release;
		};
		38B91FE52C71A737002B898E /* Debug */ = {
			isa = XCBuildConfiguration;
			buildSettings = {
				ASSETCATALOG_COMPILER_APPICON_NAME = AppIcon;
				ASSETCATALOG_COMPILER_GLOBAL_ACCENT_COLOR_NAME = AccentColor;
				CODE_SIGN_STYLE = Automatic;
				CURRENT_PROJECT_VERSION = 1;
				DEVELOPMENT_ASSET_PATHS = "\"Snacks App/Preview Content\"";
				DEVELOPMENT_TEAM = 4JN2ZQTN8B;
				ENABLE_PREVIEWS = YES;
				GENERATE_INFOPLIST_FILE = YES;
				INFOPLIST_KEY_UIApplicationSceneManifest_Generation = YES;
				INFOPLIST_KEY_UIApplicationSupportsIndirectInputEvents = YES;
				INFOPLIST_KEY_UILaunchScreen_Generation = YES;
				INFOPLIST_KEY_UISupportedInterfaceOrientations_iPad = "UIInterfaceOrientationPortrait UIInterfaceOrientationPortraitUpsideDown UIInterfaceOrientationLandscapeLeft UIInterfaceOrientationLandscapeRight";
				INFOPLIST_KEY_UISupportedInterfaceOrientations_iPhone = "UIInterfaceOrientationPortrait UIInterfaceOrientationLandscapeLeft UIInterfaceOrientationLandscapeRight";
				LD_RUNPATH_SEARCH_PATHS = (
					"$(inherited)",
					"@executable_path/Frameworks",
				);
				MARKETING_VERSION = 1.0;
				PRODUCT_BUNDLE_IDENTIFIER = "com.example.AkashShrestha.Snacks-App";
				PRODUCT_NAME = "$(TARGET_NAME)";
				SWIFT_EMIT_LOC_STRINGS = YES;
				SWIFT_VERSION = 5.0;
				TARGETED_DEVICE_FAMILY = "1,2";
			};
			name = Debug;
		};
		38B91FE62C71A737002B898E /* Release */ = {
			isa = XCBuildConfiguration;
			buildSettings = {
				ASSETCATALOG_COMPILER_APPICON_NAME = AppIcon;
				ASSETCATALOG_COMPILER_GLOBAL_ACCENT_COLOR_NAME = AccentColor;
				CODE_SIGN_STYLE = Automatic;
				CURRENT_PROJECT_VERSION = 1;
				DEVELOPMENT_ASSET_PATHS = "\"Snacks App/Preview Content\"";
				DEVELOPMENT_TEAM = 4JN2ZQTN8B;
				ENABLE_PREVIEWS = YES;
				GENERATE_INFOPLIST_FILE = YES;
				INFOPLIST_KEY_UIApplicationSceneManifest_Generation = YES;
				INFOPLIST_KEY_UIApplicationSupportsIndirectInputEvents = YES;
				INFOPLIST_KEY_UILaunchScreen_Generation = YES;
				INFOPLIST_KEY_UISupportedInterfaceOrientations_iPad = "UIInterfaceOrientationPortrait UIInterfaceOrientationPortraitUpsideDown UIInterfaceOrientationLandscapeLeft UIInterfaceOrientationLandscapeRight";
				INFOPLIST_KEY_UISupportedInterfaceOrientations_iPhone = "UIInterfaceOrientationPortrait UIInterfaceOrientationLandscapeLeft UIInterfaceOrientationLandscapeRight";
				LD_RUNPATH_SEARCH_PATHS = (
					"$(inherited)",
					"@executable_path/Frameworks",
				);
				MARKETING_VERSION = 1.0;
				PRODUCT_BUNDLE_IDENTIFIER = "com.example.AkashShrestha.Snacks-App";
				PRODUCT_NAME = "$(TARGET_NAME)";
				SWIFT_EMIT_LOC_STRINGS = YES;
				SWIFT_VERSION = 5.0;
				TARGETED_DEVICE_FAMILY = "1,2";
			};
			name = Release;
		};
/* End XCBuildConfiguration section */

/* Begin XCConfigurationList section */
		38B91FD12C71A735002B898E /* Build configuration list for PBXProject "Snacks App" */ = {
			isa = XCConfigurationList;
			buildConfigurations = (
				38B91FE22C71A737002B898E /* Debug */,
				38B91FE32C71A737002B898E /* Release */,
			);
			defaultConfigurationIsVisible = 0;
			defaultConfigurationName = Release;
		};
		38B91FE42C71A737002B898E /* Build configuration list for PBXNativeTarget "Snacks App" */ = {
			isa = XCConfigurationList;
			buildConfigurations = (
				38B91FE52C71A737002B898E /* Debug */,
				38B91FE62C71A737002B898E /* Release */,
			);
			defaultConfigurationIsVisible = 0;
			defaultConfigurationName = Release;
		};
/* End XCConfigurationList section */
	};
	rootObject = 38B91FCE2C71A735002B898E /* Project object */;
}
